// !$*UTF8*$!
{
	archiveVersion = 1;
	classes = {
	};
	objectVersion = 50;
	objects = {

/* Begin PBXBuildFile section */
		CC25744F24F3D2880079F3F8 /* AppDelegate.swift in Sources */ = {isa = PBXBuildFile; fileRef = CC25744E24F3D2880079F3F8 /* AppDelegate.swift */; };
		CC25745124F3D2880079F3F8 /* SceneDelegate.swift in Sources */ = {isa = PBXBuildFile; fileRef = CC25745024F3D2880079F3F8 /* SceneDelegate.swift */; };
		CC25745324F3D2880079F3F8 /* ViewController.swift in Sources */ = {isa = PBXBuildFile; fileRef = CC25745224F3D2880079F3F8 /* ViewController.swift */; };
		CC25745624F3D2880079F3F8 /* Main.storyboard in Resources */ = {isa = PBXBuildFile; fileRef = CC25745424F3D2880079F3F8 /* Main.storyboard */; };
		CC25745824F3D2890079F3F8 /* Assets.xcassets in Resources */ = {isa = PBXBuildFile; fileRef = CC25745724F3D2890079F3F8 /* Assets.xcassets */; };
		CC25745B24F3D2890079F3F8 /* LaunchScreen.storyboard in Resources */ = {isa = PBXBuildFile; fileRef = CC25745924F3D2890079F3F8 /* LaunchScreen.storyboard */; };
		CC25746524F3D3B40079F3F8 /* CustomVideoCompositor.swift in Sources */ = {isa = PBXBuildFile; fileRef = CC25746424F3D3B40079F3F8 /* CustomVideoCompositor.swift */; };
		CC25747B24F58A5B0079F3F8 /* vetal.m4v in Resources */ = {isa = PBXBuildFile; fileRef = CC25747A24F58A5B0079F3F8 /* vetal.m4v */; };
/* End PBXBuildFile section */

/* Begin PBXFileReference section */
		CC25744B24F3D2880079F3F8 /* TrackingFramer.app */ = {isa = PBXFileReference; explicitFileType = wrapper.application; includeInIndex = 0; path = TrackingFramer.app; sourceTree = BUILT_PRODUCTS_DIR; };
		CC25744E24F3D2880079F3F8 /* AppDelegate.swift */ = {isa = PBXFileReference; lastKnownFileType = sourcecode.swift; path = AppDelegate.swift; sourceTree = "<group>"; };
		CC25745024F3D2880079F3F8 /* SceneDelegate.swift */ = {isa = PBXFileReference; lastKnownFileType = sourcecode.swift; path = SceneDelegate.swift; sourceTree = "<group>"; };
		CC25745224F3D2880079F3F8 /* ViewController.swift */ = {isa = PBXFileReference; lastKnownFileType = sourcecode.swift; path = ViewController.swift; sourceTree = "<group>"; };
		CC25745524F3D2880079F3F8 /* Base */ = {isa = PBXFileReference; lastKnownFileType = file.storyboard; name = Base; path = Base.lproj/Main.storyboard; sourceTree = "<group>"; };
		CC25745724F3D2890079F3F8 /* Assets.xcassets */ = {isa = PBXFileReference; lastKnownFileType = folder.assetcatalog; path = Assets.xcassets; sourceTree = "<group>"; };
		CC25745A24F3D2890079F3F8 /* Base */ = {isa = PBXFileReference; lastKnownFileType = file.storyboard; name = Base; path = Base.lproj/LaunchScreen.storyboard; sourceTree = "<group>"; };
		CC25745C24F3D2890079F3F8 /* Info.plist */ = {isa = PBXFileReference; lastKnownFileType = text.plist.xml; path = Info.plist; sourceTree = "<group>"; };
		CC25746424F3D3B40079F3F8 /* CustomVideoCompositor.swift */ = {isa = PBXFileReference; lastKnownFileType = sourcecode.swift; path = CustomVideoCompositor.swift; sourceTree = "<group>"; };
		CC25747A24F58A5B0079F3F8 /* vetal.m4v */ = {isa = PBXFileReference; lastKnownFileType = file; path = vetal.m4v; sourceTree = "<group>"; };
/* End PBXFileReference section */

/* Begin PBXFrameworksBuildPhase section */
		CC25744824F3D2880079F3F8 /* Frameworks */ = {
			isa = PBXFrameworksBuildPhase;
			buildActionMask = 2147483647;
			files = (
			);
			runOnlyForDeploymentPostprocessing = 0;
		};
/* End PBXFrameworksBuildPhase section */

/* Begin PBXGroup section */
		CC25744224F3D2880079F3F8 = {
			isa = PBXGroup;
			children = (
				CC25744D24F3D2880079F3F8 /* TrackingFramer */,
				CC25744C24F3D2880079F3F8 /* Products */,
			);
			sourceTree = "<group>";
		};
		CC25744C24F3D2880079F3F8 /* Products */ = {
			isa = PBXGroup;
			children = (
				CC25744B24F3D2880079F3F8 /* TrackingFramer.app */,
			);
			name = Products;
			sourceTree = "<group>";
		};
		CC25744D24F3D2880079F3F8 /* TrackingFramer */ = {
			isa = PBXGroup;
			children = (
				CC25744E24F3D2880079F3F8 /* AppDelegate.swift */,
				CC25745024F3D2880079F3F8 /* SceneDelegate.swift */,
				CC25745224F3D2880079F3F8 /* ViewController.swift */,
				CC25746424F3D3B40079F3F8 /* CustomVideoCompositor.swift */,
				CC25747A24F58A5B0079F3F8 /* vetal.m4v */,
				CC25745424F3D2880079F3F8 /* Main.storyboard */,
				CC25745724F3D2890079F3F8 /* Assets.xcassets */,
				CC25745924F3D2890079F3F8 /* LaunchScreen.storyboard */,
				CC25745C24F3D2890079F3F8 /* Info.plist */,
			);
			path = TrackingFramer;
			sourceTree = "<group>";
		};
/* End PBXGroup section */

/* Begin PBXNativeTarget section */
		CC25744A24F3D2880079F3F8 /* TrackingFramer */ = {
			isa = PBXNativeTarget;
			buildConfigurationList = CC25745F24F3D2890079F3F8 /* Build configuration list for PBXNativeTarget "TrackingFramer" */;
			buildPhases = (
				CC25744724F3D2880079F3F8 /* Sources */,
				CC25744824F3D2880079F3F8 /* Frameworks */,
				CC25744924F3D2880079F3F8 /* Resources */,
			);
			buildRules = (
			);
			dependencies = (
			);
			name = TrackingFramer;
			productName = TrackingFramer;
			productReference = CC25744B24F3D2880079F3F8 /* TrackingFramer.app */;
			productType = "com.apple.product-type.application";
		};
/* End PBXNativeTarget section */

/* Begin PBXProject section */
		CC25744324F3D2880079F3F8 /* Project object */ = {
			isa = PBXProject;
			attributes = {
				LastSwiftUpdateCheck = 1160;
				LastUpgradeCheck = 1160;
				ORGANIZATIONNAME = nezhyborets;
				TargetAttributes = {
					CC25744A24F3D2880079F3F8 = {
						CreatedOnToolsVersion = 11.6;
					};
				};
			};
			buildConfigurationList = CC25744624F3D2880079F3F8 /* Build configuration list for PBXProject "TrackingFramer" */;
			compatibilityVersion = "Xcode 9.3";
			developmentRegion = en;
			hasScannedForEncodings = 0;
			knownRegions = (
				en,
				Base,
			);
			mainGroup = CC25744224F3D2880079F3F8;
			productRefGroup = CC25744C24F3D2880079F3F8 /* Products */;
			projectDirPath = "";
			projectRoot = "";
			targets = (
				CC25744A24F3D2880079F3F8 /* TrackingFramer */,
			);
		};
/* End PBXProject section */

/* Begin PBXResourcesBuildPhase section */
		CC25744924F3D2880079F3F8 /* Resources */ = {
			isa = PBXResourcesBuildPhase;
			buildActionMask = 2147483647;
			files = (
				CC25747B24F58A5B0079F3F8 /* vetal.m4v in Resources */,
				CC25745B24F3D2890079F3F8 /* LaunchScreen.storyboard in Resources */,
				CC25745824F3D2890079F3F8 /* Assets.xcassets in Resources */,
				CC25745624F3D2880079F3F8 /* Main.storyboard in Resources */,
			);
			runOnlyForDeploymentPostprocessing = 0;
		};
/* End PBXResourcesBuildPhase section */

/* Begin PBXSourcesBuildPhase section */
		CC25744724F3D2880079F3F8 /* Sources */ = {
			isa = PBXSourcesBuildPhase;
			buildActionMask = 2147483647;
			files = (
				CC25745324F3D2880079F3F8 /* ViewController.swift in Sources */,
				CC25744F24F3D2880079F3F8 /* AppDelegate.swift in Sources */,
				CC25745124F3D2880079F3F8 /* SceneDelegate.swift in Sources */,
				CC25746524F3D3B40079F3F8 /* CustomVideoCompositor.swift in Sources */,
			);
			runOnlyForDeploymentPostprocessing = 0;
		};
/* End PBXSourcesBuildPhase section */

/* Begin PBXVariantGroup section */
		CC25745424F3D2880079F3F8 /* Main.storyboard */ = {
			isa = PBXVariantGroup;
			children = (
				CC25745524F3D2880079F3F8 /* Base */,
			);
			name = Main.storyboard;
			sourceTree = "<group>";
		};
		CC25745924F3D2890079F3F8 /* LaunchScreen.storyboard */ = {
			isa = PBXVariantGroup;
			children = (
				CC25745A24F3D2890079F3F8 /* Base */,
			);
			name = LaunchScreen.storyboard;
			sourceTree = "<group>";
		};
/* End PBXVariantGroup section */

/* Begin XCBuildConfiguration section */
		CC25745D24F3D2890079F3F8 /* Debug */ = {
			isa = XCBuildConfiguration;
			buildSettings = {
				ALWAYS_SEARCH_USER_PATHS = NO;
				CLANG_ANALYZER_NONNULL = YES;
				CLANG_ANALYZER_NUMBER_OBJECT_CONVERSION = YES_AGGRESSIVE;
				CLANG_CXX_LANGUAGE_STANDARD = "gnu++14";
				CLANG_CXX_LIBRARY = "libc++";
				CLANG_ENABLE_MODULES = YES;
				CLANG_ENABLE_OBJC_ARC = YES;
				CLANG_ENABLE_OBJC_WEAK = YES;
				CLANG_WARN_BLOCK_CAPTURE_AUTORELEASING = YES;
				CLANG_WARN_BOOL_CONVERSION = YES;
				CLANG_WARN_COMMA = YES;
				CLANG_WARN_CONSTANT_CONVERSION = YES;
				CLANG_WARN_DEPRECATED_OBJC_IMPLEMENTATIONS = YES;
				CLANG_WARN_DIRECT_OBJC_ISA_USAGE = YES_ERROR;
				CLANG_WARN_DOCUMENTATION_COMMENTS = YES;
				CLANG_WARN_EMPTY_BODY = YES;
				CLANG_WARN_ENUM_CONVERSION = YES;
				CLANG_WARN_INFINITE_RECURSION = YES;
				CLANG_WARN_INT_CONVERSION = YES;
				CLANG_WARN_NON_LITERAL_NULL_CONVERSION = YES;
				CLANG_WARN_OBJC_IMPLICIT_RETAIN_SELF = YES;
				CLANG_WARN_OBJC_LITERAL_CONVERSION = YES;
				CLANG_WARN_OBJC_ROOT_CLASS = YES_ERROR;
				CLANG_WARN_RANGE_LOOP_ANALYSIS = YES;
				CLANG_WARN_STRICT_PROTOTYPES = YES;
				CLANG_WARN_SUSPICIOUS_MOVE = YES;
				CLANG_WARN_UNGUARDED_AVAILABILITY = YES_AGGRESSIVE;
				CLANG_WARN_UNREACHABLE_CODE = YES;
				CLANG_WARN__DUPLICATE_METHOD_MATCH = YES;
				COPY_PHASE_STRIP = NO;
				DEBUG_INFORMATION_FORMAT = dwarf;
				ENABLE_STRICT_OBJC_MSGSEND = YES;
				ENABLE_TESTABILITY = YES;
				GCC_C_LANGUAGE_STANDARD = gnu11;
				GCC_DYNAMIC_NO_PIC = NO;
				GCC_NO_COMMON_BLOCKS = YES;
				GCC_OPTIMIZATION_LEVEL = 0;
				GCC_PREPROCESSOR_DEFINITIONS = (
					"DEBUG=1",
					"$(inherited)",
				);
				GCC_WARN_64_TO_32_BIT_CONVERSION = YES;
				GCC_WARN_ABOUT_RETURN_TYPE = YES_ERROR;
				GCC_WARN_UNDECLARED_SELECTOR = YES;
				GCC_WARN_UNINITIALIZED_AUTOS = YES_AGGRESSIVE;
				GCC_WARN_UNUSED_FUNCTION = YES;
				GCC_WARN_UNUSED_VARIABLE = YES;
				IPHONEOS_DEPLOYMENT_TARGET = 13.6;
				MTL_ENABLE_DEBUG_INFO = INCLUDE_SOURCE;
				MTL_FAST_MATH = YES;
				ONLY_ACTIVE_ARCH = YES;
				SDKROOT = iphoneos;
				SWIFT_ACTIVE_COMPILATION_CONDITIONS = DEBUG;
				SWIFT_OPTIMIZATION_LEVEL = "-Onone";
			};
			name = Debug;
		};
		CC25745E24F3D2890079F3F8 /* Release */ = {
			isa = XCBuildConfiguration;
			buildSettings = {
				ALWAYS_SEARCH_USER_PATHS = NO;
				CLANG_ANALYZER_NONNULL = YES;
				CLANG_ANALYZER_NUMBER_OBJECT_CONVERSION = YES_AGGRESSIVE;
				CLANG_CXX_LANGUAGE_STANDARD = "gnu++14";
				CLANG_CXX_LIBRARY = "libc++";
				CLANG_ENABLE_MODULES = YES;
				CLANG_ENABLE_OBJC_ARC = YES;
				CLANG_ENABLE_OBJC_WEAK = YES;
				CLANG_WARN_BLOCK_CAPTURE_AUTORELEASING = YES;
				CLANG_WARN_BOOL_CONVERSION = YES;
				CLANG_WARN_COMMA = YES;
				CLANG_WARN_CONSTANT_CONVERSION = YES;
				CLANG_WARN_DEPRECATED_OBJC_IMPLEMENTATIONS = YES;
				CLANG_WARN_DIRECT_OBJC_ISA_USAGE = YES_ERROR;
				CLANG_WARN_DOCUMENTATION_COMMENTS = YES;
				CLANG_WARN_EMPTY_BODY = YES;
				CLANG_WARN_ENUM_CONVERSION = YES;
				CLANG_WARN_INFINITE_RECURSION = YES;
				CLANG_WARN_INT_CONVERSION = YES;
				CLANG_WARN_NON_LITERAL_NULL_CONVERSION = YES;
				CLANG_WARN_OBJC_IMPLICIT_RETAIN_SELF = YES;
				CLANG_WARN_OBJC_LITERAL_CONVERSION = YES;
				CLANG_WARN_OBJC_ROOT_CLASS = YES_ERROR;
				CLANG_WARN_RANGE_LOOP_ANALYSIS = YES;
				CLANG_WARN_STRICT_PROTOTYPES = YES;
				CLANG_WARN_SUSPICIOUS_MOVE = YES;
				CLANG_WARN_UNGUARDED_AVAILABILITY = YES_AGGRESSIVE;
				CLANG_WARN_UNREACHABLE_CODE = YES;
				CLANG_WARN__DUPLICATE_METHOD_MATCH = YES;
				COPY_PHASE_STRIP = NO;
				DEBUG_INFORMATION_FORMAT = "dwarf-with-dsym";
				ENABLE_NS_ASSERTIONS = NO;
				ENABLE_STRICT_OBJC_MSGSEND = YES;
				GCC_C_LANGUAGE_STANDARD = gnu11;
				GCC_NO_COMMON_BLOCKS = YES;
				GCC_WARN_64_TO_32_BIT_CONVERSION = YES;
				GCC_WARN_ABOUT_RETURN_TYPE = YES_ERROR;
				GCC_WARN_UNDECLARED_SELECTOR = YES;
				GCC_WARN_UNINITIALIZED_AUTOS = YES_AGGRESSIVE;
				GCC_WARN_UNUSED_FUNCTION = YES;
				GCC_WARN_UNUSED_VARIABLE = YES;
				IPHONEOS_DEPLOYMENT_TARGET = 13.6;
				MTL_ENABLE_DEBUG_INFO = NO;
				MTL_FAST_MATH = YES;
				SDKROOT = iphoneos;
				SWIFT_COMPILATION_MODE = wholemodule;
				SWIFT_OPTIMIZATION_LEVEL = "-O";
				VALIDATE_PRODUCT = YES;
			};
			name = Release;
		};
		CC25746024F3D2890079F3F8 /* Debug */ = {
			isa = XCBuildConfiguration;
			buildSettings = {
				ASSETCATALOG_COMPILER_APPICON_NAME = AppIcon;
				CODE_SIGN_STYLE = Automatic;
				DEVELOPMENT_TEAM = XJZ3EEE6AK;
				INFOPLIST_FILE = TrackingFramer/Info.plist;
				LD_RUNPATH_SEARCH_PATHS = (
					"$(inherited)",
					"@executable_path/Frameworks",
				);
				PRODUCT_BUNDLE_IDENTIFIER = com.nezhyborets.TrackingFramer;
				PRODUCT_NAME = "$(TARGET_NAME)";
				SWIFT_VERSION = 5.0;
				TARGETED_DEVICE_FAMILY = "1,2";
			};
			name = Debug;
		};
		CC25746124F3D2890079F3F8 /* Release */ = {
			isa = XCBuildConfiguration;
			buildSettings = {
				ASSETCATALOG_COMPILER_APPICON_NAME = AppIcon;
				CODE_SIGN_STYLE = Automatic;
				DEVELOPMENT_TEAM = XJZ3EEE6AK;
				INFOPLIST_FILE = TrackingFramer/Info.plist;
				LD_RUNPATH_SEARCH_PATHS = (
					"$(inherited)",
					"@executable_path/Frameworks",
				);
				PRODUCT_BUNDLE_IDENTIFIER = com.nezhyborets.TrackingFramer;
				PRODUCT_NAME = "$(TARGET_NAME)";
				SWIFT_VERSION = 5.0;
				TARGETED_DEVICE_FAMILY = "1,2";
			};
			name = Release;
		};
/* End XCBuildConfiguration section */

/* Begin XCConfigurationList section */
		CC25744624F3D2880079F3F8 /* Build configuration list for PBXProject "TrackingFramer" */ = {
			isa = XCConfigurationList;
			buildConfigurations = (
				CC25745D24F3D2890079F3F8 /* Debug */,
				CC25745E24F3D2890079F3F8 /* Release */,
			);
			defaultConfigurationIsVisible = 0;
			defaultConfigurationName = Release;
		};
		CC25745F24F3D2890079F3F8 /* Build configuration list for PBXNativeTarget "TrackingFramer" */ = {
			isa = XCConfigurationList;
			buildConfigurations = (
				CC25746024F3D2890079F3F8 /* Debug */,
				CC25746124F3D2890079F3F8 /* Release */,
			);
			defaultConfigurationIsVisible = 0;
			defaultConfigurationName = Release;
		};
/* End XCConfigurationList section */
	};
	rootObject = CC25744324F3D2880079F3F8 /* Project object */;
}
